
Microsoft Visual Studio Solution File, Format Version 12.00
# Visual Studio Version 17
VisualStudioVersion = 17.0.32126.317
MinimumVisualStudioVersion = 10.0.40219.1
Project("{9A19103F-16F7-4668-BE54-9A1E7A4F7556}") = "Grand.Web", "Grand.Web.csproj", "{04DFFE98-C5C2-4B3C-BEA9-460BDA9CCCE6}"
EndProject
Project("{9A19103F-16F7-4668-BE54-9A1E7A4F7556}") = "Grand.Web.Admin", "..\Grand.Web.Admin\Grand.Web.Admin.csproj", "{6A83FE46-7558-4B7A-85E8-F88DF4039913}"
EndProject
Project("{9A19103F-16F7-4668-BE54-9A1E7A4F7556}") = "Grand.Web.Common", "..\Grand.Web.Common\Grand.Web.Common.csproj", "{A34F9380-C0C1-4B19-B0DD-33C2CF17DF97}"
EndProject
Project("{2150E333-8FDC-42A3-9474-1A3956D46DE8}") = "Web", "Web", "{0B6615A9-EE05-4B01-A9CC-C622BAC8FAFB}"
EndProject
Project("{2150E333-8FDC-42A3-9474-1A3956D46DE8}") = "PluginsPayment", "PluginsPayment", "{058D841F-3270-46AC-BBA0-93DB562C7099}"
EndProject
Project("{9A19103F-16F7-4668-BE54-9A1E7A4F7556}") = "Payments.IDPayIR", "..\..\Plugins\Payments.IDPayIR\Payments.IDPayIR.csproj", "{4712C8C5-9808-4E64-905F-47E7950EFD5A}"
EndProject
Project("{2150E333-8FDC-42A3-9474-1A3956D46DE8}") = "Test", "Test", "{869C5D4C-CAF3-4200-A0E1-6D981B019D76}"
EndProject
Project("{9A19103F-16F7-4668-BE54-9A1E7A4F7556}") = "ConsoleApp1", "..\ConsoleApp1\ConsoleApp1.csproj", "{853AAA0B-0604-482D-8452-0B09C6D73F9E}"
EndProject
Project("{2150E333-8FDC-42A3-9474-1A3956D46DE8}") = "PluginsWidget", "PluginsWidget", "{686125CE-EA79-440F-A503-B2665EAEC10D}"
EndProject
Project("{9A19103F-16F7-4668-BE54-9A1E7A4F7556}") = "Widgets.FAQs", "..\..\Plugins\Widgets.FAQs\Widgets.FAQs.csproj", "{BB39D10D-A823-4CBA-9ED6-BDB16046EAF5}"
EndProject
Project("{9A19103F-16F7-4668-BE54-9A1E7A4F7556}") = "Widgets.Slider", "..\..\Plugins\Widgets.Slider\Widgets.Slider.csproj", "{D2956FED-5305-4A8F-A1C9-7D38AA7D33F7}"
EndProject
Project("{9A19103F-16F7-4668-BE54-9A1E7A4F7556}") = "Payments.BahamtaIR", "..\..\Plugins\Payments.BahamtaIR\Payments.BahamtaIR.csproj", "{60FA8891-17F6-4531-81BD-7966137697B3}"
EndProject
Global
	GlobalSection(SolutionConfigurationPlatforms) = preSolution
		Debug|Any CPU = Debug|Any CPU
		Release|Any CPU = Release|Any CPU
	EndGlobalSection
	GlobalSection(ProjectConfigurationPlatforms) = postSolution
		{04DFFE98-C5C2-4B3C-BEA9-460BDA9CCCE6}.Debug|Any CPU.ActiveCfg = Debug|Any CPU
		{04DFFE98-C5C2-4B3C-BEA9-460BDA9CCCE6}.Debug|Any CPU.Build.0 = Debug|Any CPU
		{04DFFE98-C5C2-4B3C-BEA9-460BDA9CCCE6}.Release|Any CPU.ActiveCfg = Release|Any CPU
		{04DFFE98-C5C2-4B3C-BEA9-460BDA9CCCE6}.Release|Any CPU.Build.0 = Release|Any CPU
		{6A83FE46-7558-4B7A-85E8-F88DF4039913}.Debug|Any CPU.ActiveCfg = Debug|Any CPU
		{6A83FE46-7558-4B7A-85E8-F88DF4039913}.Debug|Any CPU.Build.0 = Debug|Any CPU
		{6A83FE46-7558-4B7A-85E8-F88DF4039913}.Release|Any CPU.ActiveCfg = Release|Any CPU
		{6A83FE46-7558-4B7A-85E8-F88DF4039913}.Release|Any CPU.Build.0 = Release|Any CPU
		{A34F9380-C0C1-4B19-B0DD-33C2CF17DF97}.Debug|Any CPU.ActiveCfg = Debug|Any CPU
		{A34F9380-C0C1-4B19-B0DD-33C2CF17DF97}.Debug|Any CPU.Build.0 = Debug|Any CPU
		{A34F9380-C0C1-4B19-B0DD-33C2CF17DF97}.Release|Any CPU.ActiveCfg = Release|Any CPU
		{A34F9380-C0C1-4B19-B0DD-33C2CF17DF97}.Release|Any CPU.Build.0 = Release|Any CPU
		{4712C8C5-9808-4E64-905F-47E7950EFD5A}.Debug|Any CPU.ActiveCfg = Debug|Any CPU
		{4712C8C5-9808-4E64-905F-47E7950EFD5A}.Debug|Any CPU.Build.0 = Debug|Any CPU
		{4712C8C5-9808-4E64-905F-47E7950EFD5A}.Release|Any CPU.ActiveCfg = Release|Any CPU
		{4712C8C5-9808-4E64-905F-47E7950EFD5A}.Release|Any CPU.Build.0 = Release|Any CPU
		{853AAA0B-0604-482D-8452-0B09C6D73F9E}.Debug|Any CPU.ActiveCfg = Debug|Any CPU
		{853AAA0B-0604-482D-8452-0B09C6D73F9E}.Debug|Any CPU.Build.0 = Debug|Any CPU
		{853AAA0B-0604-482D-8452-0B09C6D73F9E}.Release|Any CPU.ActiveCfg = Release|Any CPU
		{853AAA0B-0604-482D-8452-0B09C6D73F9E}.Release|Any CPU.Build.0 = Release|Any CPU
		{BB39D10D-A823-4CBA-9ED6-BDB16046EAF5}.Debug|Any CPU.ActiveCfg = Debug|Any CPU
		{BB39D10D-A823-4CBA-9ED6-BDB16046EAF5}.Debug|Any CPU.Build.0 = Debug|Any CPU
		{BB39D10D-A823-4CBA-9ED6-BDB16046EAF5}.Release|Any CPU.ActiveCfg = Release|Any CPU
		{BB39D10D-A823-4CBA-9ED6-BDB16046EAF5}.Release|Any CPU.Build.0 = Release|Any CPU
		{D2956FED-5305-4A8F-A1C9-7D38AA7D33F7}.Debug|Any CPU.ActiveCfg = Debug|Any CPU
		{D2956FED-5305-4A8F-A1C9-7D38AA7D33F7}.Debug|Any CPU.Build.0 = Debug|Any CPU
		{D2956FED-5305-4A8F-A1C9-7D38AA7D33F7}.Release|Any CPU.ActiveCfg = Release|Any CPU
		{D2956FED-5305-4A8F-A1C9-7D38AA7D33F7}.Release|Any CPU.Build.0 = Release|Any CPU
		{60FA8891-17F6-4531-81BD-7966137697B3}.Debug|Any CPU.ActiveCfg = Debug|Any CPU
		{60FA8891-17F6-4531-81BD-7966137697B3}.Debug|Any CPU.Build.0 = Debug|Any CPU
		{60FA8891-17F6-4531-81BD-7966137697B3}.Release|Any CPU.ActiveCfg = Release|Any CPU
		{60FA8891-17F6-4531-81BD-7966137697B3}.Release|Any CPU.Build.0 = Release|Any CPU
	EndGlobalSection
	GlobalSection(SolutionProperties) = preSolution
		HideSolutionNode = FALSE
	EndGlobalSection
	GlobalSection(NestedProjects) = preSolution
		{04DFFE98-C5C2-4B3C-BEA9-460BDA9CCCE6} = {0B6615A9-EE05-4B01-A9CC-C622BAC8FAFB}
		{6A83FE46-7558-4B7A-85E8-F88DF4039913} = {0B6615A9-EE05-4B01-A9CC-C622BAC8FAFB}
		{A34F9380-C0C1-4B19-B0DD-33C2CF17DF97} = {0B6615A9-EE05-4B01-A9CC-C622BAC8FAFB}
		{4712C8C5-9808-4E64-905F-47E7950EFD5A} = {058D841F-3270-46AC-BBA0-93DB562C7099}
		{853AAA0B-0604-482D-8452-0B09C6D73F9E} = {869C5D4C-CAF3-4200-A0E1-6D981B019D76}
		{BB39D10D-A823-4CBA-9ED6-BDB16046EAF5} = {686125CE-EA79-440F-A503-B2665EAEC10D}
		{D2956FED-5305-4A8F-A1C9-7D38AA7D33F7} = {686125CE-EA79-440F-A503-B2665EAEC10D}
		{60FA8891-17F6-4531-81BD-7966137697B3} = {058D841F-3270-46AC-BBA0-93DB562C7099}
	EndGlobalSection
	GlobalSection(ExtensibilityGlobals) = postSolution
		SolutionGuid = {FADD4C55-C357-47D1-9C04-3A0EE21348B2}
	EndGlobalSection
EndGlobal
